
Microsoft Visual Studio Solution File, Format Version 12.00
Project("{FAE04EC0-301F-11D3-BF4B-00C04F79EFBC}") = "PricingKata.Tests", "tests\PricingKata.Tests\PricingKata.Tests.csproj", "{C016F150-F20A-4DCB-9A25-5280077E6F8C}"
EndProject
Project("{FAE04EC0-301F-11D3-BF4B-00C04F79EFBC}") = "PricingKata", "src\PricingKata\PricingKata.csproj", "{134BE604-5832-4E79-8788-9F17AC41CE32}"
EndProject
Global
	GlobalSection(SolutionConfigurationPlatforms) = preSolution
		Debug|Any CPU = Debug|Any CPU
		Release|Any CPU = Release|Any CPU
	EndGlobalSection
	GlobalSection(ProjectConfigurationPlatforms) = postSolution
		{C016F150-F20A-4DCB-9A25-5280077E6F8C}.Debug|Any CPU.ActiveCfg = Debug|Any CPU
		{C016F150-F20A-4DCB-9A25-5280077E6F8C}.Debug|Any CPU.Build.0 = Debug|Any CPU
		{C016F150-F20A-4DCB-9A25-5280077E6F8C}.Release|Any CPU.ActiveCfg = Release|Any CPU
		{C016F150-F20A-4DCB-9A25-5280077E6F8C}.Release|Any CPU.Build.0 = Release|Any CPU
		{134BE604-5832-4E79-8788-9F17AC41CE32}.Debug|Any CPU.ActiveCfg = Debug|Any CPU
		{134BE604-5832-4E79-8788-9F17AC41CE32}.Debug|Any CPU.Build.0 = Debug|Any CPU
		{134BE604-5832-4E79-8788-9F17AC41CE32}.Release|Any CPU.ActiveCfg = Release|Any CPU
		{134BE604-5832-4E79-8788-9F17AC41CE32}.Release|Any CPU.Build.0 = Release|Any CPU
	EndGlobalSection
EndGlobal
